// !$*UTF8*$!
{
	archiveVersion = 1;
	classes = {
	};
	objectVersion = 46;
	objects = {

/* Begin PBXBuildFile section */
		D8E1442A1B407DA4005D79A1 /* main.m in Sources */ = {isa = PBXBuildFile; fileRef = D8E144291B407DA4005D79A1 /* main.m */; };
		D8E1442D1B407DA4005D79A1 /* AppDelegate.m in Sources */ = {isa = PBXBuildFile; fileRef = D8E1442C1B407DA4005D79A1 /* AppDelegate.m */; };
		D8E144301B407DA4005D79A1 /* ViewController.m in Sources */ = {isa = PBXBuildFile; fileRef = D8E1442F1B407DA4005D79A1 /* ViewController.m */; };
		D8E144331B407DA4005D79A1 /* Main.storyboard in Resources */ = {isa = PBXBuildFile; fileRef = D8E144311B407DA4005D79A1 /* Main.storyboard */; };
		D8E144351B407DA4005D79A1 /* Images.xcassets in Resources */ = {isa = PBXBuildFile; fileRef = D8E144341B407DA4005D79A1 /* Images.xcassets */; };
		D8E144381B407DA4005D79A1 /* LaunchScreen.xib in Resources */ = {isa = PBXBuildFile; fileRef = D8E144361B407DA4005D79A1 /* LaunchScreen.xib */; };
		D8E144441B407DA4005D79A1 /* CardStackTests.m in Sources */ = {isa = PBXBuildFile; fileRef = D8E144431B407DA4005D79A1 /* CardStackTests.m */; };
/* End PBXBuildFile section */

/* Begin PBXContainerItemProxy section */
		D8E1443E1B407DA4005D79A1 /* PBXContainerItemProxy */ = {
			isa = PBXContainerItemProxy;
			containerPortal = 6003F582195388D10070C39A /* Project object */;
			proxyType = 1;
			remoteGlobalIDString = D8E144241B407DA4005D79A1;
			remoteInfo = CardStack;
		};
/* End PBXContainerItemProxy section */

/* Begin PBXFileReference section */
		04C9E0AD4491AA468419A200 /* Pods_CardStack_Tests.framework */ = {isa = PBXFileReference; explicitFileType = wrapper.framework; includeInIndex = 0; path = Pods_CardStack_Tests.framework; sourceTree = BUILT_PRODUCTS_DIR; };
		2B842B99D99FE78661C526B5 /* Pods_CardStack_Example.framework */ = {isa = PBXFileReference; explicitFileType = wrapper.framework; includeInIndex = 0; path = Pods_CardStack_Example.framework; sourceTree = BUILT_PRODUCTS_DIR; };
		44F5201F2DE71276D3636B1A /* Pods-CardStack_Tests.release.xcconfig */ = {isa = PBXFileReference; includeInIndex = 1; lastKnownFileType = text.xcconfig; name = "Pods-CardStack_Tests.release.xcconfig"; path = "Pods/Target Support Files/Pods-CardStack_Tests/Pods-CardStack_Tests.release.xcconfig"; sourceTree = "<group>"; };
		6003F58D195388D20070C39A /* Foundation.framework */ = {isa = PBXFileReference; lastKnownFileType = wrapper.framework; name = Foundation.framework; path = System/Library/Frameworks/Foundation.framework; sourceTree = SDKROOT; };
		6003F58F195388D20070C39A /* CoreGraphics.framework */ = {isa = PBXFileReference; lastKnownFileType = wrapper.framework; name = CoreGraphics.framework; path = System/Library/Frameworks/CoreGraphics.framework; sourceTree = SDKROOT; };
		6003F591195388D20070C39A /* UIKit.framework */ = {isa = PBXFileReference; lastKnownFileType = wrapper.framework; name = UIKit.framework; path = System/Library/Frameworks/UIKit.framework; sourceTree = SDKROOT; };
		6003F595195388D20070C39A /* CardStack-Info.plist */ = {isa = PBXFileReference; lastKnownFileType = text.plist.xml; path = "CardStack-Info.plist"; sourceTree = "<group>"; };
		6003F597195388D20070C39A /* en */ = {isa = PBXFileReference; lastKnownFileType = text.plist.strings; name = en; path = en.lproj/InfoPlist.strings; sourceTree = "<group>"; };
		6003F599195388D20070C39A /* main.m */ = {isa = PBXFileReference; lastKnownFileType = sourcecode.c.objc; path = main.m; sourceTree = "<group>"; };
		6003F59B195388D20070C39A /* CardStack-Prefix.pch */ = {isa = PBXFileReference; lastKnownFileType = sourcecode.c.h; path = "CardStack-Prefix.pch"; sourceTree = "<group>"; };
		6003F59C195388D20070C39A /* JSNAppDelegate.h */ = {isa = PBXFileReference; lastKnownFileType = sourcecode.c.h; path = JSNAppDelegate.h; sourceTree = "<group>"; };
		6003F59D195388D20070C39A /* JSNAppDelegate.m */ = {isa = PBXFileReference; lastKnownFileType = sourcecode.c.objc; path = JSNAppDelegate.m; sourceTree = "<group>"; };
		6003F5A5195388D20070C39A /* JSNViewController.h */ = {isa = PBXFileReference; lastKnownFileType = sourcecode.c.h; path = JSNViewController.h; sourceTree = "<group>"; };
		6003F5A6195388D20070C39A /* JSNViewController.m */ = {isa = PBXFileReference; lastKnownFileType = sourcecode.c.objc; path = JSNViewController.m; sourceTree = "<group>"; };
		6003F5A8195388D20070C39A /* Images.xcassets */ = {isa = PBXFileReference; lastKnownFileType = folder.assetcatalog; path = Images.xcassets; sourceTree = "<group>"; };
		6003F5AF195388D20070C39A /* XCTest.framework */ = {isa = PBXFileReference; lastKnownFileType = wrapper.framework; name = XCTest.framework; path = Library/Frameworks/XCTest.framework; sourceTree = DEVELOPER_DIR; };
		6003F5B7195388D20070C39A /* Tests-Info.plist */ = {isa = PBXFileReference; lastKnownFileType = text.plist.xml; path = "Tests-Info.plist"; sourceTree = "<group>"; };
		6003F5B9195388D20070C39A /* en */ = {isa = PBXFileReference; lastKnownFileType = text.plist.strings; name = en; path = en.lproj/InfoPlist.strings; sourceTree = "<group>"; };
		6003F5BB195388D20070C39A /* Tests.m */ = {isa = PBXFileReference; lastKnownFileType = sourcecode.c.objc; path = Tests.m; sourceTree = "<group>"; };
		606FC2411953D9B200FFA9A0 /* Tests-Prefix.pch */ = {isa = PBXFileReference; lastKnownFileType = sourcecode.c.h; path = "Tests-Prefix.pch"; sourceTree = "<group>"; };
		63D1233B387071DF88A07146 /* Pods-CardStack_Example.release.xcconfig */ = {isa = PBXFileReference; includeInIndex = 1; lastKnownFileType = text.xcconfig; name = "Pods-CardStack_Example.release.xcconfig"; path = "Pods/Target Support Files/Pods-CardStack_Example/Pods-CardStack_Example.release.xcconfig"; sourceTree = "<group>"; };
		873B8AEA1B1F5CCA007FD442 /* Main.storyboard */ = {isa = PBXFileReference; fileEncoding = 4; lastKnownFileType = file.storyboard; path = Main.storyboard; sourceTree = "<group>"; };
		96FE7798DCE1820B1B9B7631 /* Pods-CardStack_Tests.debug.xcconfig */ = {isa = PBXFileReference; includeInIndex = 1; lastKnownFileType = text.xcconfig; name = "Pods-CardStack_Tests.debug.xcconfig"; path = "Pods/Target Support Files/Pods-CardStack_Tests/Pods-CardStack_Tests.debug.xcconfig"; sourceTree = "<group>"; };
		D8430F381B3F184C00DF0E2E /* README.md */ = {isa = PBXFileReference; fileEncoding = 4; lastKnownFileType = net.daringfireball.markdown; path = README.md; sourceTree = "<group>"; };
		D8430F391B3F184C00DF0E2E /* LICENSE */ = {isa = PBXFileReference; fileEncoding = 4; lastKnownFileType = text; path = LICENSE; sourceTree = "<group>"; };
		D8430F3A1B3F184C00DF0E2E /* CardStack.podspec */ = {isa = PBXFileReference; fileEncoding = 4; lastKnownFileType = text; path = CardStack.podspec; sourceTree = "<group>"; };
		D8E144251B407DA4005D79A1 /* CardStack.app */ = {isa = PBXFileReference; explicitFileType = wrapper.application; includeInIndex = 0; path = CardStack.app; sourceTree = BUILT_PRODUCTS_DIR; };
		D8E144281B407DA4005D79A1 /* Info.plist */ = {isa = PBXFileReference; lastKnownFileType = text.plist.xml; path = Info.plist; sourceTree = "<group>"; };
		D8E144291B407DA4005D79A1 /* main.m */ = {isa = PBXFileReference; lastKnownFileType = sourcecode.c.objc; path = main.m; sourceTree = "<group>"; };
		D8E1442B1B407DA4005D79A1 /* AppDelegate.h */ = {isa = PBXFileReference; lastKnownFileType = sourcecode.c.h; path = AppDelegate.h; sourceTree = "<group>"; };
		D8E1442C1B407DA4005D79A1 /* AppDelegate.m */ = {isa = PBXFileReference; lastKnownFileType = sourcecode.c.objc; path = AppDelegate.m; sourceTree = "<group>"; };
		D8E1442E1B407DA4005D79A1 /* ViewController.h */ = {isa = PBXFileReference; lastKnownFileType = sourcecode.c.h; path = ViewController.h; sourceTree = "<group>"; };
		D8E1442F1B407DA4005D79A1 /* ViewController.m */ = {isa = PBXFileReference; lastKnownFileType = sourcecode.c.objc; path = ViewController.m; sourceTree = "<group>"; };
		D8E144321B407DA4005D79A1 /* Base */ = {isa = PBXFileReference; lastKnownFileType = file.storyboard; name = Base; path = Base.lproj/Main.storyboard; sourceTree = "<group>"; };
		D8E144341B407DA4005D79A1 /* Images.xcassets */ = {isa = PBXFileReference; lastKnownFileType = folder.assetcatalog; path = Images.xcassets; sourceTree = "<group>"; };
		D8E144371B407DA4005D79A1 /* Base */ = {isa = PBXFileReference; lastKnownFileType = file.xib; name = Base; path = Base.lproj/LaunchScreen.xib; sourceTree = "<group>"; };
		D8E1443D1B407DA4005D79A1 /* CardStackTests.xctest */ = {isa = PBXFileReference; explicitFileType = wrapper.cfbundle; includeInIndex = 0; path = CardStackTests.xctest; sourceTree = BUILT_PRODUCTS_DIR; };
		D8E144421B407DA4005D79A1 /* Info.plist */ = {isa = PBXFileReference; lastKnownFileType = text.plist.xml; path = Info.plist; sourceTree = "<group>"; };
		D8E144431B407DA4005D79A1 /* CardStackTests.m */ = {isa = PBXFileReference; lastKnownFileType = sourcecode.c.objc; path = CardStackTests.m; sourceTree = "<group>"; };
		E30FCC33D551902A73E646E8 /* Pods-CardStack_Example.debug.xcconfig */ = {isa = PBXFileReference; includeInIndex = 1; lastKnownFileType = text.xcconfig; name = "Pods-CardStack_Example.debug.xcconfig"; path = "Pods/Target Support Files/Pods-CardStack_Example/Pods-CardStack_Example.debug.xcconfig"; sourceTree = "<group>"; };
/* End PBXFileReference section */

/* Begin PBXFrameworksBuildPhase section */
		D8E144221B407DA4005D79A1 /* Frameworks */ = {
			isa = PBXFrameworksBuildPhase;
			buildActionMask = 2147483647;
			files = (
			);
			runOnlyForDeploymentPostprocessing = 0;
		};
		D8E1443A1B407DA4005D79A1 /* Frameworks */ = {
			isa = PBXFrameworksBuildPhase;
			buildActionMask = 2147483647;
			files = (
			);
			runOnlyForDeploymentPostprocessing = 0;
		};
/* End PBXFrameworksBuildPhase section */

/* Begin PBXGroup section */
		55C08D5104EDDE4196B26071 /* Pods */ = {
			isa = PBXGroup;
			children = (
				E30FCC33D551902A73E646E8 /* Pods-CardStack_Example.debug.xcconfig */,
				63D1233B387071DF88A07146 /* Pods-CardStack_Example.release.xcconfig */,
				96FE7798DCE1820B1B9B7631 /* Pods-CardStack_Tests.debug.xcconfig */,
				44F5201F2DE71276D3636B1A /* Pods-CardStack_Tests.release.xcconfig */,
			);
			name = Pods;
			sourceTree = "<group>";
		};
		6003F581195388D10070C39A = {
			isa = PBXGroup;
			children = (
				60FF7A9C1954A5C5007DD14C /* Podspec Metadata */,
				6003F593195388D20070C39A /* Example for CardStack */,
				6003F5B5195388D20070C39A /* Tests */,
				D8E144261B407DA4005D79A1 /* CardStack */,
				D8E144401B407DA4005D79A1 /* CardStackTests */,
				6003F58C195388D20070C39A /* Frameworks */,
				6003F58B195388D20070C39A /* Products */,
				55C08D5104EDDE4196B26071 /* Pods */,
			);
			sourceTree = "<group>";
		};
		6003F58B195388D20070C39A /* Products */ = {
			isa = PBXGroup;
			children = (
				D8E144251B407DA4005D79A1 /* CardStack.app */,
				D8E1443D1B407DA4005D79A1 /* CardStackTests.xctest */,
			);
			name = Products;
			sourceTree = "<group>";
		};
		6003F58C195388D20070C39A /* Frameworks */ = {
			isa = PBXGroup;
			children = (
				6003F58D195388D20070C39A /* Foundation.framework */,
				6003F58F195388D20070C39A /* CoreGraphics.framework */,
				6003F591195388D20070C39A /* UIKit.framework */,
				6003F5AF195388D20070C39A /* XCTest.framework */,
				2B842B99D99FE78661C526B5 /* Pods_CardStack_Example.framework */,
				04C9E0AD4491AA468419A200 /* Pods_CardStack_Tests.framework */,
			);
			name = Frameworks;
			sourceTree = "<group>";
		};
		6003F593195388D20070C39A /* Example for CardStack */ = {
			isa = PBXGroup;
			children = (
				6003F59C195388D20070C39A /* JSNAppDelegate.h */,
				6003F59D195388D20070C39A /* JSNAppDelegate.m */,
				873B8AEA1B1F5CCA007FD442 /* Main.storyboard */,
				6003F5A5195388D20070C39A /* JSNViewController.h */,
				6003F5A6195388D20070C39A /* JSNViewController.m */,
				6003F5A8195388D20070C39A /* Images.xcassets */,
				6003F594195388D20070C39A /* Supporting Files */,
			);
			name = "Example for CardStack";
			path = CardStack;
			sourceTree = "<group>";
		};
		6003F594195388D20070C39A /* Supporting Files */ = {
			isa = PBXGroup;
			children = (
				6003F595195388D20070C39A /* CardStack-Info.plist */,
				6003F596195388D20070C39A /* InfoPlist.strings */,
				6003F599195388D20070C39A /* main.m */,
				6003F59B195388D20070C39A /* CardStack-Prefix.pch */,
			);
			name = "Supporting Files";
			sourceTree = "<group>";
		};
		6003F5B5195388D20070C39A /* Tests */ = {
			isa = PBXGroup;
			children = (
				6003F5BB195388D20070C39A /* Tests.m */,
				6003F5B6195388D20070C39A /* Supporting Files */,
			);
			path = Tests;
			sourceTree = "<group>";
		};
		6003F5B6195388D20070C39A /* Supporting Files */ = {
			isa = PBXGroup;
			children = (
				6003F5B7195388D20070C39A /* Tests-Info.plist */,
				6003F5B8195388D20070C39A /* InfoPlist.strings */,
				606FC2411953D9B200FFA9A0 /* Tests-Prefix.pch */,
			);
			name = "Supporting Files";
			sourceTree = "<group>";
		};
		60FF7A9C1954A5C5007DD14C /* Podspec Metadata */ = {
			isa = PBXGroup;
			children = (
				D8430F381B3F184C00DF0E2E /* README.md */,
				D8430F391B3F184C00DF0E2E /* LICENSE */,
				D8430F3A1B3F184C00DF0E2E /* CardStack.podspec */,
			);
			name = "Podspec Metadata";
			sourceTree = "<group>";
		};
		D8E144261B407DA4005D79A1 /* CardStack */ = {
			isa = PBXGroup;
			children = (
				D8E1442B1B407DA4005D79A1 /* AppDelegate.h */,
				D8E1442C1B407DA4005D79A1 /* AppDelegate.m */,
				D8E1442E1B407DA4005D79A1 /* ViewController.h */,
				D8E1442F1B407DA4005D79A1 /* ViewController.m */,
				D8E144311B407DA4005D79A1 /* Main.storyboard */,
				D8E144341B407DA4005D79A1 /* Images.xcassets */,
				D8E144361B407DA4005D79A1 /* LaunchScreen.xib */,
				D8E144271B407DA4005D79A1 /* Supporting Files */,
			);
			path = CardStack;
			sourceTree = "<group>";
		};
		D8E144271B407DA4005D79A1 /* Supporting Files */ = {
			isa = PBXGroup;
			children = (
				D8E144281B407DA4005D79A1 /* Info.plist */,
				D8E144291B407DA4005D79A1 /* main.m */,
			);
			name = "Supporting Files";
			sourceTree = "<group>";
		};
		D8E144401B407DA4005D79A1 /* CardStackTests */ = {
			isa = PBXGroup;
			children = (
				D8E144431B407DA4005D79A1 /* CardStackTests.m */,
				D8E144411B407DA4005D79A1 /* Supporting Files */,
			);
			path = CardStackTests;
			sourceTree = "<group>";
		};
		D8E144411B407DA4005D79A1 /* Supporting Files */ = {
			isa = PBXGroup;
			children = (
				D8E144421B407DA4005D79A1 /* Info.plist */,
			);
			name = "Supporting Files";
			sourceTree = "<group>";
		};
/* End PBXGroup section */

/* Begin PBXNativeTarget section */
		D8E144241B407DA4005D79A1 /* CardStack */ = {
			isa = PBXNativeTarget;
			buildConfigurationList = D8E144491B407DA4005D79A1 /* Build configuration list for PBXNativeTarget "CardStack" */;
			buildPhases = (
				D8E144211B407DA4005D79A1 /* Sources */,
				D8E144221B407DA4005D79A1 /* Frameworks */,
				D8E144231B407DA4005D79A1 /* Resources */,
			);
			buildRules = (
			);
			dependencies = (
			);
			name = CardStack;
			productName = CardStack;
			productReference = D8E144251B407DA4005D79A1 /* CardStack.app */;
			productType = "com.apple.product-type.application";
		};
		D8E1443C1B407DA4005D79A1 /* CardStackTests */ = {
			isa = PBXNativeTarget;
			buildConfigurationList = D8E1444A1B407DA4005D79A1 /* Build configuration list for PBXNativeTarget "CardStackTests" */;
			buildPhases = (
				D8E144391B407DA4005D79A1 /* Sources */,
				D8E1443A1B407DA4005D79A1 /* Frameworks */,
				D8E1443B1B407DA4005D79A1 /* Resources */,
			);
			buildRules = (
			);
			dependencies = (
				D8E1443F1B407DA4005D79A1 /* PBXTargetDependency */,
			);
			name = CardStackTests;
			productName = CardStackTests;
			productReference = D8E1443D1B407DA4005D79A1 /* CardStackTests.xctest */;
			productType = "com.apple.product-type.bundle.unit-test";
		};
/* End PBXNativeTarget section */

/* Begin PBXProject section */
		6003F582195388D10070C39A /* Project object */ = {
			isa = PBXProject;
			attributes = {
				CLASSPREFIX = JSN;
				LastUpgradeCheck = 0510;
				ORGANIZATIONNAME = "Joe Newbry";
				TargetAttributes = {
					D8E144241B407DA4005D79A1 = {
						CreatedOnToolsVersion = 6.3.1;
					};
					D8E1443C1B407DA4005D79A1 = {
						CreatedOnToolsVersion = 6.3.1;
						TestTargetID = D8E144241B407DA4005D79A1;
					};
				};
			};
			buildConfigurationList = 6003F585195388D10070C39A /* Build configuration list for PBXProject "CardStack" */;
			compatibilityVersion = "Xcode 3.2";
			developmentRegion = English;
			hasScannedForEncodings = 0;
			knownRegions = (
				en,
				Base,
			);
			mainGroup = 6003F581195388D10070C39A;
			productRefGroup = 6003F58B195388D20070C39A /* Products */;
			projectDirPath = "";
			projectRoot = "";
			targets = (
				D8E144241B407DA4005D79A1 /* CardStack */,
				D8E1443C1B407DA4005D79A1 /* CardStackTests */,
			);
		};
/* End PBXProject section */

/* Begin PBXResourcesBuildPhase section */
		D8E144231B407DA4005D79A1 /* Resources */ = {
			isa = PBXResourcesBuildPhase;
			buildActionMask = 2147483647;
			files = (
				D8E144331B407DA4005D79A1 /* Main.storyboard in Resources */,
				D8E144381B407DA4005D79A1 /* LaunchScreen.xib in Resources */,
				D8E144351B407DA4005D79A1 /* Images.xcassets in Resources */,
			);
			runOnlyForDeploymentPostprocessing = 0;
		};
		D8E1443B1B407DA4005D79A1 /* Resources */ = {
			isa = PBXResourcesBuildPhase;
			buildActionMask = 2147483647;
			files = (
			);
			runOnlyForDeploymentPostprocessing = 0;
		};
/* End PBXResourcesBuildPhase section */

/* Begin PBXSourcesBuildPhase section */
		D8E144211B407DA4005D79A1 /* Sources */ = {
			isa = PBXSourcesBuildPhase;
			buildActionMask = 2147483647;
			files = (
				D8E144301B407DA4005D79A1 /* ViewController.m in Sources */,
				D8E1442D1B407DA4005D79A1 /* AppDelegate.m in Sources */,
				D8E1442A1B407DA4005D79A1 /* main.m in Sources */,
			);
			runOnlyForDeploymentPostprocessing = 0;
		};
		D8E144391B407DA4005D79A1 /* Sources */ = {
			isa = PBXSourcesBuildPhase;
			buildActionMask = 2147483647;
			files = (
				D8E144441B407DA4005D79A1 /* CardStackTests.m in Sources */,
			);
			runOnlyForDeploymentPostprocessing = 0;
		};
/* End PBXSourcesBuildPhase section */

/* Begin PBXTargetDependency section */
		D8E1443F1B407DA4005D79A1 /* PBXTargetDependency */ = {
			isa = PBXTargetDependency;
			target = D8E144241B407DA4005D79A1 /* CardStack */;
			targetProxy = D8E1443E1B407DA4005D79A1 /* PBXContainerItemProxy */;
		};
/* End PBXTargetDependency section */

/* Begin PBXVariantGroup section */
		6003F596195388D20070C39A /* InfoPlist.strings */ = {
			isa = PBXVariantGroup;
			children = (
				6003F597195388D20070C39A /* en */,
			);
			name = InfoPlist.strings;
			sourceTree = "<group>";
		};
		6003F5B8195388D20070C39A /* InfoPlist.strings */ = {
			isa = PBXVariantGroup;
			children = (
				6003F5B9195388D20070C39A /* en */,
			);
			name = InfoPlist.strings;
			sourceTree = "<group>";
		};
		D8E144311B407DA4005D79A1 /* Main.storyboard */ = {
			isa = PBXVariantGroup;
			children = (
				D8E144321B407DA4005D79A1 /* Base */,
			);
			name = Main.storyboard;
			sourceTree = "<group>";
		};
		D8E144361B407DA4005D79A1 /* LaunchScreen.xib */ = {
			isa = PBXVariantGroup;
			children = (
				D8E144371B407DA4005D79A1 /* Base */,
			);
			name = LaunchScreen.xib;
			sourceTree = "<group>";
		};
/* End PBXVariantGroup section */

/* Begin XCBuildConfiguration section */
		6003F5BD195388D20070C39A /* Debug */ = {
			isa = XCBuildConfiguration;
			buildSettings = {
				ALWAYS_SEARCH_USER_PATHS = NO;
				CLANG_CXX_LANGUAGE_STANDARD = "gnu++0x";
				CLANG_CXX_LIBRARY = "libc++";
				CLANG_ENABLE_MODULES = YES;
				CLANG_ENABLE_OBJC_ARC = YES;
				CLANG_WARN_BOOL_CONVERSION = YES;
				CLANG_WARN_CONSTANT_CONVERSION = YES;
				CLANG_WARN_DIRECT_OBJC_ISA_USAGE = YES_ERROR;
				CLANG_WARN_EMPTY_BODY = YES;
				CLANG_WARN_ENUM_CONVERSION = YES;
				CLANG_WARN_INT_CONVERSION = YES;
				CLANG_WARN_OBJC_ROOT_CLASS = YES_ERROR;
				CLANG_WARN__DUPLICATE_METHOD_MATCH = YES;
				"CODE_SIGN_IDENTITY[sdk=iphoneos*]" = "iPhone Developer";
				COPY_PHASE_STRIP = NO;
				GCC_C_LANGUAGE_STANDARD = gnu99;
				GCC_DYNAMIC_NO_PIC = NO;
				GCC_OPTIMIZATION_LEVEL = 0;
				GCC_PREPROCESSOR_DEFINITIONS = (
					"DEBUG=1",
					"$(inherited)",
				);
				GCC_SYMBOLS_PRIVATE_EXTERN = NO;
				GCC_WARN_64_TO_32_BIT_CONVERSION = YES;
				GCC_WARN_ABOUT_RETURN_TYPE = YES_ERROR;
				GCC_WARN_UNDECLARED_SELECTOR = YES;
				GCC_WARN_UNINITIALIZED_AUTOS = YES_AGGRESSIVE;
				GCC_WARN_UNUSED_FUNCTION = YES;
				GCC_WARN_UNUSED_VARIABLE = YES;
				IPHONEOS_DEPLOYMENT_TARGET = 7.1;
				ONLY_ACTIVE_ARCH = YES;
				SDKROOT = iphoneos;
				TARGETED_DEVICE_FAMILY = "1,2";
			};
			name = Debug;
		};
		6003F5BE195388D20070C39A /* Release */ = {
			isa = XCBuildConfiguration;
			buildSettings = {
				ALWAYS_SEARCH_USER_PATHS = NO;
				CLANG_CXX_LANGUAGE_STANDARD = "gnu++0x";
				CLANG_CXX_LIBRARY = "libc++";
				CLANG_ENABLE_MODULES = YES;
				CLANG_ENABLE_OBJC_ARC = YES;
				CLANG_WARN_BOOL_CONVERSION = YES;
				CLANG_WARN_CONSTANT_CONVERSION = YES;
				CLANG_WARN_DIRECT_OBJC_ISA_USAGE = YES_ERROR;
				CLANG_WARN_EMPTY_BODY = YES;
				CLANG_WARN_ENUM_CONVERSION = YES;
				CLANG_WARN_INT_CONVERSION = YES;
				CLANG_WARN_OBJC_ROOT_CLASS = YES_ERROR;
				CLANG_WARN__DUPLICATE_METHOD_MATCH = YES;
				"CODE_SIGN_IDENTITY[sdk=iphoneos*]" = "iPhone Developer";
				COPY_PHASE_STRIP = YES;
				ENABLE_NS_ASSERTIONS = NO;
				GCC_C_LANGUAGE_STANDARD = gnu99;
				GCC_WARN_64_TO_32_BIT_CONVERSION = YES;
				GCC_WARN_ABOUT_RETURN_TYPE = YES_ERROR;
				GCC_WARN_UNDECLARED_SELECTOR = YES;
				GCC_WARN_UNINITIALIZED_AUTOS = YES_AGGRESSIVE;
				GCC_WARN_UNUSED_FUNCTION = YES;
				GCC_WARN_UNUSED_VARIABLE = YES;
				IPHONEOS_DEPLOYMENT_TARGET = 7.1;
				SDKROOT = iphoneos;
				TARGETED_DEVICE_FAMILY = "1,2";
				VALIDATE_PRODUCT = YES;
			};
			name = Release;
		};
		D8E144451B407DA4005D79A1 /* Debug */ = {
			isa = XCBuildConfiguration;
			buildSettings = {
				ASSETCATALOG_COMPILER_APPICON_NAME = AppIcon;
				CLANG_WARN_UNREACHABLE_CODE = YES;
				DEBUG_INFORMATION_FORMAT = "dwarf-with-dsym";
				ENABLE_STRICT_OBJC_MSGSEND = YES;
				GCC_NO_COMMON_BLOCKS = YES;
				GCC_PREPROCESSOR_DEFINITIONS = (
					"DEBUG=1",
					"$(inherited)",
				);
				INFOPLIST_FILE = CardStack/Info.plist;
				IPHONEOS_DEPLOYMENT_TARGET = 8.3;
				LD_RUNPATH_SEARCH_PATHS = "$(inherited) @executable_path/Frameworks";
				MTL_ENABLE_DEBUG_INFO = YES;
				PRODUCT_NAME = "$(TARGET_NAME)";
			};
			name = Debug;
		};
		D8E144461B407DA4005D79A1 /* Release */ = {
			isa = XCBuildConfiguration;
			buildSettings = {
				ASSETCATALOG_COMPILER_APPICON_NAME = AppIcon;
				CLANG_WARN_UNREACHABLE_CODE = YES;
				COPY_PHASE_STRIP = NO;
				DEBUG_INFORMATION_FORMAT = "dwarf-with-dsym";
				ENABLE_STRICT_OBJC_MSGSEND = YES;
				GCC_NO_COMMON_BLOCKS = YES;
				INFOPLIST_FILE = CardStack/Info.plist;
				IPHONEOS_DEPLOYMENT_TARGET = 8.3;
				LD_RUNPATH_SEARCH_PATHS = "$(inherited) @executable_path/Frameworks";
				MTL_ENABLE_DEBUG_INFO = NO;
				PRODUCT_NAME = "$(TARGET_NAME)";
			};
			name = Release;
		};
		D8E144471B407DA4005D79A1 /* Debug */ = {
			isa = XCBuildConfiguration;
			buildSettings = {
				BUNDLE_LOADER = "$(TEST_HOST)";
				CLANG_WARN_UNREACHABLE_CODE = YES;
				DEBUG_INFORMATION_FORMAT = "dwarf-with-dsym";
				ENABLE_STRICT_OBJC_MSGSEND = YES;
				FRAMEWORK_SEARCH_PATHS = (
					"$(SDKROOT)/Developer/Library/Frameworks",
					"$(inherited)",
				);
				GCC_NO_COMMON_BLOCKS = YES;
				GCC_PREPROCESSOR_DEFINITIONS = (
					"DEBUG=1",
					"$(inherited)",
				);
				INFOPLIST_FILE = CardStackTests/Info.plist;
				IPHONEOS_DEPLOYMENT_TARGET = 8.3;
				LD_RUNPATH_SEARCH_PATHS = "$(inherited) @executable_path/Frameworks @loader_path/Frameworks";
				MTL_ENABLE_DEBUG_INFO = YES;
				PRODUCT_NAME = "$(TARGET_NAME)";
				TEST_HOST = "$(BUILT_PRODUCTS_DIR)/CardStack.app/CardStack";
			};
			name = Debug;
		};
		D8E144481B407DA4005D79A1 /* Release */ = {
			isa = XCBuildConfiguration;
			buildSettings = {
				BUNDLE_LOADER = "$(TEST_HOST)";
				CLANG_WARN_UNREACHABLE_CODE = YES;
				COPY_PHASE_STRIP = NO;
				DEBUG_INFORMATION_FORMAT = "dwarf-with-dsym";
				ENABLE_STRICT_OBJC_MSGSEND = YES;
				FRAMEWORK_SEARCH_PATHS = (
					"$(SDKROOT)/Developer/Library/Frameworks",
					"$(inherited)",
				);
				GCC_NO_COMMON_BLOCKS = YES;
				INFOPLIST_FILE = CardStackTests/Info.plist;
				IPHONEOS_DEPLOYMENT_TARGET = 8.3;
				LD_RUNPATH_SEARCH_PATHS = "$(inherited) @executable_path/Frameworks @loader_path/Frameworks";
				MTL_ENABLE_DEBUG_INFO = NO;
				PRODUCT_NAME = "$(TARGET_NAME)";
				TEST_HOST = "$(BUILT_PRODUCTS_DIR)/CardStack.app/CardStack";
			};
			name = Release;
		};
/* End XCBuildConfiguration section */

/* Begin XCConfigurationList section */
		6003F585195388D10070C39A /* Build configuration list for PBXProject "CardStack" */ = {
			isa = XCConfigurationList;
			buildConfigurations = (
				6003F5BD195388D20070C39A /* Debug */,
				6003F5BE195388D20070C39A /* Release */,
			);
			defaultConfigurationIsVisible = 0;
			defaultConfigurationName = Release;
		};
		D8E144491B407DA4005D79A1 /* Build configuration list for PBXNativeTarget "CardStack" */ = {
			isa = XCConfigurationList;
			buildConfigurations = (
				D8E144451B407DA4005D79A1 /* Debug */,
				D8E144461B407DA4005D79A1 /* Release */,
			);
			defaultConfigurationIsVisible = 0;
		};
		D8E1444A1B407DA4005D79A1 /* Build configuration list for PBXNativeTarget "CardStackTests" */ = {
			isa = XCConfigurationList;
			buildConfigurations = (
				D8E144471B407DA4005D79A1 /* Debug */,
				D8E144481B407DA4005D79A1 /* Release */,
			);
			defaultConfigurationIsVisible = 0;
		};
/* End XCConfigurationList section */
	};
	rootObject = 6003F582195388D10070C39A /* Project object */;
}
